
Microsoft Visual Studio Solution File, Format Version 12.00
# Visual Studio Version 17
VisualStudioVersion = 17.0.32014.148
MinimumVisualStudioVersion = 10.0.40219.1
Project("{2150E333-8FDC-42A3-9474-1A3956D46DE8}") = "Core", "Core", "{4244F927-8CB7-4E9C-B155-5735F6F595C8}"
EndProject
Project("{2150E333-8FDC-42A3-9474-1A3956D46DE8}") = "Infrastructure", "Infrastructure", "{1FA818D3-CD3E-4CE1-89A8-9E1C6EB3B681}"
EndProject
Project("{2150E333-8FDC-42A3-9474-1A3956D46DE8}") = "Presentation", "Presentation", "{4D72DF78-DC55-4CB1-AA0E-B5A8B706156E}"
EndProject
Project("{9A19103F-16F7-4668-BE54-9A1E7A4F7556}") = "ENSEK.Domain", "Core\ENSEK.Domain\ENSEK.Domain.csproj", "{1C86ABDE-5A06-46A0-B49F-042F40404E34}"
EndProject
Project("{9A19103F-16F7-4668-BE54-9A1E7A4F7556}") = "ENSEK.Application", "Core\ENSEK.Application\ENSEK.Application.csproj", "{03D40A36-A230-404C-A40D-468421FD1A41}"
EndProject
Project("{9A19103F-16F7-4668-BE54-9A1E7A4F7556}") = "ENSEK.Database", "Infrastructure\ENSEK.Database\ENSEK.Database.csproj", "{022E071E-B0D3-48B4-B36B-145B3663FADB}"
EndProject
Project("{9A19103F-16F7-4668-BE54-9A1E7A4F7556}") = "ENSEK.Service", "Infrastructure\ENSEK.Service\ENSEK.Service.csproj", "{081E9963-7AAB-403A-A39B-3629B5B6178F}"
EndProject
Project("{9A19103F-16F7-4668-BE54-9A1E7A4F7556}") = "ENSEK.Tasks", "Infrastructure\ENSEK.Tasks\ENSEK.Tasks.csproj", "{92A17791-4364-47D7-B51D-0AF8D0C62AA6}"
EndProject
Project("{9A19103F-16F7-4668-BE54-9A1E7A4F7556}") = "ENSEK.API", "Presentation\ENSEK.API\ENSEK.API.csproj", "{938EF96E-BC29-4EFF-A6C7-8EF3EE3C52EA}"
EndProject
Project("{2150E333-8FDC-42A3-9474-1A3956D46DE8}") = "Test", "Test", "{808ACCB2-531F-4065-9165-934D7E9EB776}"
EndProject
Project("{FAE04EC0-301F-11D3-BF4B-00C04F79EFBC}") = "ENSEK.Test", "Test\ENSEK.Test\ENSEK.Test.csproj", "{F8ADC54D-0026-4CF2-8527-671E4A02D9D4}"
EndProject
Global
	GlobalSection(SolutionConfigurationPlatforms) = preSolution
		Debug|Any CPU = Debug|Any CPU
		Release|Any CPU = Release|Any CPU
	EndGlobalSection
	GlobalSection(ProjectConfigurationPlatforms) = postSolution
		{1C86ABDE-5A06-46A0-B49F-042F40404E34}.Debug|Any CPU.ActiveCfg = Debug|Any CPU
		{1C86ABDE-5A06-46A0-B49F-042F40404E34}.Debug|Any CPU.Build.0 = Debug|Any CPU
		{1C86ABDE-5A06-46A0-B49F-042F40404E34}.Release|Any CPU.ActiveCfg = Release|Any CPU
		{1C86ABDE-5A06-46A0-B49F-042F40404E34}.Release|Any CPU.Build.0 = Release|Any CPU
		{03D40A36-A230-404C-A40D-468421FD1A41}.Debug|Any CPU.ActiveCfg = Debug|Any CPU
		{03D40A36-A230-404C-A40D-468421FD1A41}.Debug|Any CPU.Build.0 = Debug|Any CPU
		{03D40A36-A230-404C-A40D-468421FD1A41}.Release|Any CPU.ActiveCfg = Release|Any CPU
		{03D40A36-A230-404C-A40D-468421FD1A41}.Release|Any CPU.Build.0 = Release|Any CPU
		{022E071E-B0D3-48B4-B36B-145B3663FADB}.Debug|Any CPU.ActiveCfg = Debug|Any CPU
		{022E071E-B0D3-48B4-B36B-145B3663FADB}.Debug|Any CPU.Build.0 = Debug|Any CPU
		{022E071E-B0D3-48B4-B36B-145B3663FADB}.Release|Any CPU.ActiveCfg = Release|Any CPU
		{022E071E-B0D3-48B4-B36B-145B3663FADB}.Release|Any CPU.Build.0 = Release|Any CPU
		{081E9963-7AAB-403A-A39B-3629B5B6178F}.Debug|Any CPU.ActiveCfg = Debug|Any CPU
		{081E9963-7AAB-403A-A39B-3629B5B6178F}.Debug|Any CPU.Build.0 = Debug|Any CPU
		{081E9963-7AAB-403A-A39B-3629B5B6178F}.Release|Any CPU.ActiveCfg = Release|Any CPU
		{081E9963-7AAB-403A-A39B-3629B5B6178F}.Release|Any CPU.Build.0 = Release|Any CPU
		{92A17791-4364-47D7-B51D-0AF8D0C62AA6}.Debug|Any CPU.ActiveCfg = Debug|Any CPU
		{92A17791-4364-47D7-B51D-0AF8D0C62AA6}.Debug|Any CPU.Build.0 = Debug|Any CPU
		{92A17791-4364-47D7-B51D-0AF8D0C62AA6}.Release|Any CPU.ActiveCfg = Release|Any CPU
		{92A17791-4364-47D7-B51D-0AF8D0C62AA6}.Release|Any CPU.Build.0 = Release|Any CPU
		{938EF96E-BC29-4EFF-A6C7-8EF3EE3C52EA}.Debug|Any CPU.ActiveCfg = Debug|Any CPU
		{938EF96E-BC29-4EFF-A6C7-8EF3EE3C52EA}.Debug|Any CPU.Build.0 = Debug|Any CPU
		{938EF96E-BC29-4EFF-A6C7-8EF3EE3C52EA}.Release|Any CPU.ActiveCfg = Release|Any CPU
		{938EF96E-BC29-4EFF-A6C7-8EF3EE3C52EA}.Release|Any CPU.Build.0 = Release|Any CPU
		{F8ADC54D-0026-4CF2-8527-671E4A02D9D4}.Debug|Any CPU.ActiveCfg = Debug|Any CPU
		{F8ADC54D-0026-4CF2-8527-671E4A02D9D4}.Debug|Any CPU.Build.0 = Debug|Any CPU
		{F8ADC54D-0026-4CF2-8527-671E4A02D9D4}.Release|Any CPU.ActiveCfg = Release|Any CPU
		{F8ADC54D-0026-4CF2-8527-671E4A02D9D4}.Release|Any CPU.Build.0 = Release|Any CPU
	EndGlobalSection
	GlobalSection(SolutionProperties) = preSolution
		HideSolutionNode = FALSE
	EndGlobalSection
	GlobalSection(NestedProjects) = preSolution
		{1C86ABDE-5A06-46A0-B49F-042F40404E34} = {4244F927-8CB7-4E9C-B155-5735F6F595C8}
		{03D40A36-A230-404C-A40D-468421FD1A41} = {4244F927-8CB7-4E9C-B155-5735F6F595C8}
		{022E071E-B0D3-48B4-B36B-145B3663FADB} = {1FA818D3-CD3E-4CE1-89A8-9E1C6EB3B681}
		{081E9963-7AAB-403A-A39B-3629B5B6178F} = {1FA818D3-CD3E-4CE1-89A8-9E1C6EB3B681}
		{92A17791-4364-47D7-B51D-0AF8D0C62AA6} = {1FA818D3-CD3E-4CE1-89A8-9E1C6EB3B681}
		{938EF96E-BC29-4EFF-A6C7-8EF3EE3C52EA} = {4D72DF78-DC55-4CB1-AA0E-B5A8B706156E}
		{F8ADC54D-0026-4CF2-8527-671E4A02D9D4} = {808ACCB2-531F-4065-9165-934D7E9EB776}
	EndGlobalSection
	GlobalSection(ExtensibilityGlobals) = postSolution
		SolutionGuid = {4723163C-850E-4514-9FAD-8B7149BEF2BB}
	EndGlobalSection
EndGlobal
